
Microsoft Visual Studio Solution File, Format Version 12.00
# Visual Studio 15
VisualStudioVersion = 15.0.27004.2002
MinimumVisualStudioVersion = 10.0.40219.1
Project("{FAE04EC0-301F-11D3-BF4B-00C04F79EFBC}") = "tic tac toe", "tic tac toe\tic tac toe.csproj", "{07002966-906C-48D4-83E3-2106F4748F8E}"
EndProject
Global
	GlobalSection(SolutionConfigurationPlatforms) = preSolution
		Debug|Any CPU = Debug|Any CPU
		Release|Any CPU = Release|Any CPU
	EndGlobalSection
	GlobalSection(ProjectConfigurationPlatforms) = postSolution
		{07002966-906C-48D4-83E3-2106F4748F8E}.Debug|Any CPU.ActiveCfg = Debug|Any CPU
		{07002966-906C-48D4-83E3-2106F4748F8E}.Debug|Any CPU.Build.0 = Debug|Any CPU
		{07002966-906C-48D4-83E3-2106F4748F8E}.Release|Any CPU.ActiveCfg = Release|Any CPU
		{07002966-906C-48D4-83E3-2106F4748F8E}.Release|Any CPU.Build.0 = Release|Any CPU
	EndGlobalSection
	GlobalSection(SolutionProperties) = preSolution
		HideSolutionNode = FALSE
	EndGlobalSection
	GlobalSection(ExtensibilityGlobals) = postSolution
		SolutionGuid = {699846AA-A305-45DF-8F91-F56E324428C9}
	EndGlobalSection
EndGlobal
